
Microsoft Visual Studio Solution File, Format Version 12.00
# Visual Studio 15
VisualStudioVersion = 15.0.26430.15
MinimumVisualStudioVersion = 10.0.40219.1
Project("{FAE04EC0-301F-11D3-BF4B-00C04F79EFBC}") = "PrismUnityApp1", "PrismUnityApp1\PrismUnityApp1\PrismUnityApp1.csproj", "{713262B6-BB45-44A8-8D63-3C26A2C9C828}"
EndProject
Project("{FAE04EC0-301F-11D3-BF4B-00C04F79EFBC}") = "PrismUnityApp1.Droid", "PrismUnityApp1\PrismUnityApp1.Droid\PrismUnityApp1.Droid.csproj", "{1C4D39CF-40BF-44F6-BFD2-84945D878B55}"
EndProject
Project("{FAE04EC0-301F-11D3-BF4B-00C04F79EFBC}") = "PrismUnityApp1.iOS", "PrismUnityApp1\PrismUnityApp1.iOS\PrismUnityApp1.iOS.csproj", "{3489F3E2-877D-42CE-B69C-85D57EFCA2CF}"
EndProject
Project("{FAE04EC0-301F-11D3-BF4B-00C04F79EFBC}") = "PrismUnityApp1.UWP", "PrismUnityApp1\PrismUnityApp1.UWP\PrismUnityApp1.UWP.csproj", "{5FCBE619-E49D-4D3A-8D6A-D79B719C75C7}"
EndProject
Global
	GlobalSection(SolutionConfigurationPlatforms) = preSolution
		Ad-Hoc|Any CPU = Ad-Hoc|Any CPU
		Ad-Hoc|ARM = Ad-Hoc|ARM
		Ad-Hoc|iPhone = Ad-Hoc|iPhone
		Ad-Hoc|iPhoneSimulator = Ad-Hoc|iPhoneSimulator
		Ad-Hoc|x64 = Ad-Hoc|x64
		Ad-Hoc|x86 = Ad-Hoc|x86
		AppStore|Any CPU = AppStore|Any CPU
		AppStore|ARM = AppStore|ARM
		AppStore|iPhone = AppStore|iPhone
		AppStore|iPhoneSimulator = AppStore|iPhoneSimulator
		AppStore|x64 = AppStore|x64
		AppStore|x86 = AppStore|x86
		Debug|Any CPU = Debug|Any CPU
		Debug|ARM = Debug|ARM
		Debug|iPhone = Debug|iPhone
		Debug|iPhoneSimulator = Debug|iPhoneSimulator
		Debug|x64 = Debug|x64
		Debug|x86 = Debug|x86
		Release|Any CPU = Release|Any CPU
		Release|ARM = Release|ARM
		Release|iPhone = Release|iPhone
		Release|iPhoneSimulator = Release|iPhoneSimulator
		Release|x64 = Release|x64
		Release|x86 = Release|x86
	EndGlobalSection
	GlobalSection(ProjectConfigurationPlatforms) = postSolution
		{713262B6-BB45-44A8-8D63-3C26A2C9C828}.Ad-Hoc|Any CPU.ActiveCfg = Release|Any CPU
		{713262B6-BB45-44A8-8D63-3C26A2C9C828}.Ad-Hoc|Any CPU.Build.0 = Release|Any CPU
		{713262B6-BB45-44A8-8D63-3C26A2C9C828}.Ad-Hoc|ARM.ActiveCfg = Release|Any CPU
		{713262B6-BB45-44A8-8D63-3C26A2C9C828}.Ad-Hoc|ARM.Build.0 = Release|Any CPU
		{713262B6-BB45-44A8-8D63-3C26A2C9C828}.Ad-Hoc|iPhone.ActiveCfg = Release|Any CPU
		{713262B6-BB45-44A8-8D63-3C26A2C9C828}.Ad-Hoc|iPhone.Build.0 = Release|Any CPU
		{713262B6-BB45-44A8-8D63-3C26A2C9C828}.Ad-Hoc|iPhoneSimulator.ActiveCfg = Release|Any CPU
		{713262B6-BB45-44A8-8D63-3C26A2C9C828}.Ad-Hoc|iPhoneSimulator.Build.0 = Release|Any CPU
		{713262B6-BB45-44A8-8D63-3C26A2C9C828}.Ad-Hoc|x64.ActiveCfg = Release|Any CPU
		{713262B6-BB45-44A8-8D63-3C26A2C9C828}.Ad-Hoc|x64.Build.0 = Release|Any CPU
		{713262B6-BB45-44A8-8D63-3C26A2C9C828}.Ad-Hoc|x86.ActiveCfg = Release|Any CPU
		{713262B6-BB45-44A8-8D63-3C26A2C9C828}.Ad-Hoc|x86.Build.0 = Release|Any CPU
		{713262B6-BB45-44A8-8D63-3C26A2C9C828}.AppStore|Any CPU.ActiveCfg = Release|Any CPU
		{713262B6-BB45-44A8-8D63-3C26A2C9C828}.AppStore|Any CPU.Build.0 = Release|Any CPU
		{713262B6-BB45-44A8-8D63-3C26A2C9C828}.AppStore|ARM.ActiveCfg = Release|Any CPU
		{713262B6-BB45-44A8-8D63-3C26A2C9C828}.AppStore|ARM.Build.0 = Release|Any CPU
		{713262B6-BB45-44A8-8D63-3C26A2C9C828}.AppStore|iPhone.ActiveCfg = Release|Any CPU
		{713262B6-BB45-44A8-8D63-3C26A2C9C828}.AppStore|iPhone.Build.0 = Release|Any CPU
		{713262B6-BB45-44A8-8D63-3C26A2C9C828}.AppStore|iPhoneSimulator.ActiveCfg = Release|Any CPU
		{713262B6-BB45-44A8-8D63-3C26A2C9C828}.AppStore|iPhoneSimulator.Build.0 = Release|Any CPU
		{713262B6-BB45-44A8-8D63-3C26A2C9C828}.AppStore|x64.ActiveCfg = Release|Any CPU
		{713262B6-BB45-44A8-8D63-3C26A2C9C828}.AppStore|x64.Build.0 = Release|Any CPU
		{713262B6-BB45-44A8-8D63-3C26A2C9C828}.AppStore|x86.ActiveCfg = Release|Any CPU
		{713262B6-BB45-44A8-8D63-3C26A2C9C828}.AppStore|x86.Build.0 = Release|Any CPU
		{713262B6-BB45-44A8-8D63-3C26A2C9C828}.Debug|Any CPU.ActiveCfg = Debug|Any CPU
		{713262B6-BB45-44A8-8D63-3C26A2C9C828}.Debug|Any CPU.Build.0 = Debug|Any CPU
		{713262B6-BB45-44A8-8D63-3C26A2C9C828}.Debug|ARM.ActiveCfg = Debug|Any CPU
		{713262B6-BB45-44A8-8D63-3C26A2C9C828}.Debug|ARM.Build.0 = Debug|Any CPU
		{713262B6-BB45-44A8-8D63-3C26A2C9C828}.Debug|iPhone.ActiveCfg = Debug|Any CPU
		{713262B6-BB45-44A8-8D63-3C26A2C9C828}.Debug|iPhone.Build.0 = Debug|Any CPU
		{713262B6-BB45-44A8-8D63-3C26A2C9C828}.Debug|iPhoneSimulator.ActiveCfg = Debug|Any CPU
		{713262B6-BB45-44A8-8D63-3C26A2C9C828}.Debug|iPhoneSimulator.Build.0 = Debug|Any CPU
		{713262B6-BB45-44A8-8D63-3C26A2C9C828}.Debug|x64.ActiveCfg = Debug|Any CPU
		{713262B6-BB45-44A8-8D63-3C26A2C9C828}.Debug|x64.Build.0 = Debug|Any CPU
		{713262B6-BB45-44A8-8D63-3C26A2C9C828}.Debug|x86.ActiveCfg = Debug|Any CPU
		{713262B6-BB45-44A8-8D63-3C26A2C9C828}.Debug|x86.Build.0 = Debug|Any CPU
		{713262B6-BB45-44A8-8D63-3C26A2C9C828}.Release|Any CPU.ActiveCfg = Release|Any CPU
		{713262B6-BB45-44A8-8D63-3C26A2C9C828}.Release|Any CPU.Build.0 = Release|Any CPU
		{713262B6-BB45-44A8-8D63-3C26A2C9C828}.Release|ARM.ActiveCfg = Release|Any CPU
		{713262B6-BB45-44A8-8D63-3C26A2C9C828}.Release|ARM.Build.0 = Release|Any CPU
		{713262B6-BB45-44A8-8D63-3C26A2C9C828}.Release|iPhone.ActiveCfg = Release|Any CPU
		{713262B6-BB45-44A8-8D63-3C26A2C9C828}.Release|iPhone.Build.0 = Release|Any CPU
		{713262B6-BB45-44A8-8D63-3C26A2C9C828}.Release|iPhoneSimulator.ActiveCfg = Release|Any CPU
		{713262B6-BB45-44A8-8D63-3C26A2C9C828}.Release|iPhoneSimulator.Build.0 = Release|Any CPU
		{713262B6-BB45-44A8-8D63-3C26A2C9C828}.Release|x64.ActiveCfg = Release|Any CPU
		{713262B6-BB45-44A8-8D63-3C26A2C9C828}.Release|x64.Build.0 = Release|Any CPU
		{713262B6-BB45-44A8-8D63-3C26A2C9C828}.Release|x86.ActiveCfg = Release|Any CPU
		{713262B6-BB45-44A8-8D63-3C26A2C9C828}.Release|x86.Build.0 = Release|Any CPU
		{1C4D39CF-40BF-44F6-BFD2-84945D878B55}.Ad-Hoc|Any CPU.ActiveCfg = Release|Any CPU
		{1C4D39CF-40BF-44F6-BFD2-84945D878B55}.Ad-Hoc|Any CPU.Build.0 = Release|Any CPU
		{1C4D39CF-40BF-44F6-BFD2-84945D878B55}.Ad-Hoc|Any CPU.Deploy.0 = Release|Any CPU
		{1C4D39CF-40BF-44F6-BFD2-84945D878B55}.Ad-Hoc|ARM.ActiveCfg = Release|Any CPU
		{1C4D39CF-40BF-44F6-BFD2-84945D878B55}.Ad-Hoc|ARM.Build.0 = Release|Any CPU
		{1C4D39CF-40BF-44F6-BFD2-84945D878B55}.Ad-Hoc|ARM.Deploy.0 = Release|Any CPU
		{1C4D39CF-40BF-44F6-BFD2-84945D878B55}.Ad-Hoc|iPhone.ActiveCfg = Release|Any CPU
		{1C4D39CF-40BF-44F6-BFD2-84945D878B55}.Ad-Hoc|iPhone.Build.0 = Release|Any CPU
		{1C4D39CF-40BF-44F6-BFD2-84945D878B55}.Ad-Hoc|iPhone.Deploy.0 = Release|Any CPU
		{1C4D39CF-40BF-44F6-BFD2-84945D878B55}.Ad-Hoc|iPhoneSimulator.ActiveCfg = Release|Any CPU
		{1C4D39CF-40BF-44F6-BFD2-84945D878B55}.Ad-Hoc|iPhoneSimulator.Build.0 = Release|Any CPU
		{1C4D39CF-40BF-44F6-BFD2-84945D878B55}.Ad-Hoc|iPhoneSimulator.Deploy.0 = Release|Any CPU
		{1C4D39CF-40BF-44F6-BFD2-84945D878B55}.Ad-Hoc|x64.ActiveCfg = Release|Any CPU
		{1C4D39CF-40BF-44F6-BFD2-84945D878B55}.Ad-Hoc|x64.Build.0 = Release|Any CPU
		{1C4D39CF-40BF-44F6-BFD2-84945D878B55}.Ad-Hoc|x64.Deploy.0 = Release|Any CPU
		{1C4D39CF-40BF-44F6-BFD2-84945D878B55}.Ad-Hoc|x86.ActiveCfg = Release|Any CPU
		{1C4D39CF-40BF-44F6-BFD2-84945D878B55}.Ad-Hoc|x86.Build.0 = Release|Any CPU
		{1C4D39CF-40BF-44F6-BFD2-84945D878B55}.Ad-Hoc|x86.Deploy.0 = Release|Any CPU
		{1C4D39CF-40BF-44F6-BFD2-84945D878B55}.AppStore|Any CPU.ActiveCfg = Release|Any CPU
		{1C4D39CF-40BF-44F6-BFD2-84945D878B55}.AppStore|Any CPU.Build.0 = Release|Any CPU
		{1C4D39CF-40BF-44F6-BFD2-84945D878B55}.AppStore|Any CPU.Deploy.0 = Release|Any CPU
		{1C4D39CF-40BF-44F6-BFD2-84945D878B55}.AppStore|ARM.ActiveCfg = Release|Any CPU
		{1C4D39CF-40BF-44F6-BFD2-84945D878B55}.AppStore|ARM.Build.0 = Release|Any CPU
		{1C4D39CF-40BF-44F6-BFD2-84945D878B55}.AppStore|ARM.Deploy.0 = Release|Any CPU
		{1C4D39CF-40BF-44F6-BFD2-84945D878B55}.AppStore|iPhone.ActiveCfg = Release|Any CPU
		{1C4D39CF-40BF-44F6-BFD2-84945D878B55}.AppStore|iPhone.Build.0 = Release|Any CPU
		{1C4D39CF-40BF-44F6-BFD2-84945D878B55}.AppStore|iPhone.Deploy.0 = Release|Any CPU
		{1C4D39CF-40BF-44F6-BFD2-84945D878B55}.AppStore|iPhoneSimulator.ActiveCfg = Release|Any CPU
		{1C4D39CF-40BF-44F6-BFD2-84945D878B55}.AppStore|iPhoneSimulator.Build.0 = Release|Any CPU
		{1C4D39CF-40BF-44F6-BFD2-84945D878B55}.AppStore|iPhoneSimulator.Deploy.0 = Release|Any CPU
		{1C4D39CF-40BF-44F6-BFD2-84945D878B55}.AppStore|x64.ActiveCfg = Release|Any CPU
		{1C4D39CF-40BF-44F6-BFD2-84945D878B55}.AppStore|x64.Build.0 = Release|Any CPU
		{1C4D39CF-40BF-44F6-BFD2-84945D878B55}.AppStore|x64.Deploy.0 = Release|Any CPU
		{1C4D39CF-40BF-44F6-BFD2-84945D878B55}.AppStore|x86.ActiveCfg = Release|Any CPU
		{1C4D39CF-40BF-44F6-BFD2-84945D878B55}.AppStore|x86.Build.0 = Release|Any CPU
		{1C4D39CF-40BF-44F6-BFD2-84945D878B55}.AppStore|x86.Deploy.0 = Release|Any CPU
		{1C4D39CF-40BF-44F6-BFD2-84945D878B55}.Debug|Any CPU.ActiveCfg = Debug|Any CPU
		{1C4D39CF-40BF-44F6-BFD2-84945D878B55}.Debug|Any CPU.Build.0 = Debug|Any CPU
		{1C4D39CF-40BF-44F6-BFD2-84945D878B55}.Debug|Any CPU.Deploy.0 = Debug|Any CPU
		{1C4D39CF-40BF-44F6-BFD2-84945D878B55}.Debug|ARM.ActiveCfg = Debug|Any CPU
		{1C4D39CF-40BF-44F6-BFD2-84945D878B55}.Debug|ARM.Build.0 = Debug|Any CPU
		{1C4D39CF-40BF-44F6-BFD2-84945D878B55}.Debug|ARM.Deploy.0 = Debug|Any CPU
		{1C4D39CF-40BF-44F6-BFD2-84945D878B55}.Debug|iPhone.ActiveCfg = Debug|Any CPU
		{1C4D39CF-40BF-44F6-BFD2-84945D878B55}.Debug|iPhone.Build.0 = Debug|Any CPU
		{1C4D39CF-40BF-44F6-BFD2-84945D878B55}.Debug|iPhone.Deploy.0 = Debug|Any CPU
		{1C4D39CF-40BF-44F6-BFD2-84945D878B55}.Debug|iPhoneSimulator.ActiveCfg = Debug|Any CPU
		{1C4D39CF-40BF-44F6-BFD2-84945D878B55}.Debug|iPhoneSimulator.Build.0 = Debug|Any CPU
		{1C4D39CF-40BF-44F6-BFD2-84945D878B55}.Debug|iPhoneSimulator.Deploy.0 = Debug|Any CPU
		{1C4D39CF-40BF-44F6-BFD2-84945D878B55}.Debug|x64.ActiveCfg = Debug|Any CPU
		{1C4D39CF-40BF-44F6-BFD2-84945D878B55}.Debug|x64.Build.0 = Debug|Any CPU
		{1C4D39CF-40BF-44F6-BFD2-84945D878B55}.Debug|x64.Deploy.0 = Debug|Any CPU
		{1C4D39CF-40BF-44F6-BFD2-84945D878B55}.Debug|x86.ActiveCfg = Debug|Any CPU
		{1C4D39CF-40BF-44F6-BFD2-84945D878B55}.Debug|x86.Build.0 = Debug|Any CPU
		{1C4D39CF-40BF-44F6-BFD2-84945D878B55}.Debug|x86.Deploy.0 = Debug|Any CPU
		{1C4D39CF-40BF-44F6-BFD2-84945D878B55}.Release|Any CPU.ActiveCfg = Release|Any CPU
		{1C4D39CF-40BF-44F6-BFD2-84945D878B55}.Release|Any CPU.Build.0 = Release|Any CPU
		{1C4D39CF-40BF-44F6-BFD2-84945D878B55}.Release|Any CPU.Deploy.0 = Release|Any CPU
		{1C4D39CF-40BF-44F6-BFD2-84945D878B55}.Release|ARM.ActiveCfg = Release|Any CPU
		{1C4D39CF-40BF-44F6-BFD2-84945D878B55}.Release|ARM.Build.0 = Release|Any CPU
		{1C4D39CF-40BF-44F6-BFD2-84945D878B55}.Release|ARM.Deploy.0 = Release|Any CPU
		{1C4D39CF-40BF-44F6-BFD2-84945D878B55}.Release|iPhone.ActiveCfg = Release|Any CPU
		{1C4D39CF-40BF-44F6-BFD2-84945D878B55}.Release|iPhone.Build.0 = Release|Any CPU
		{1C4D39CF-40BF-44F6-BFD2-84945D878B55}.Release|iPhone.Deploy.0 = Release|Any CPU
		{1C4D39CF-40BF-44F6-BFD2-84945D878B55}.Release|iPhoneSimulator.ActiveCfg = Release|Any CPU
		{1C4D39CF-40BF-44F6-BFD2-84945D878B55}.Release|iPhoneSimulator.Build.0 = Release|Any CPU
		{1C4D39CF-40BF-44F6-BFD2-84945D878B55}.Release|iPhoneSimulator.Deploy.0 = Release|Any CPU
		{1C4D39CF-40BF-44F6-BFD2-84945D878B55}.Release|x64.ActiveCfg = Release|Any CPU
		{1C4D39CF-40BF-44F6-BFD2-84945D878B55}.Release|x64.Build.0 = Release|Any CPU
		{1C4D39CF-40BF-44F6-BFD2-84945D878B55}.Release|x64.Deploy.0 = Release|Any CPU
		{1C4D39CF-40BF-44F6-BFD2-84945D878B55}.Release|x86.ActiveCfg = Release|Any CPU
		{1C4D39CF-40BF-44F6-BFD2-84945D878B55}.Release|x86.Build.0 = Release|Any CPU
		{1C4D39CF-40BF-44F6-BFD2-84945D878B55}.Release|x86.Deploy.0 = Release|Any CPU
		{3489F3E2-877D-42CE-B69C-85D57EFCA2CF}.Ad-Hoc|Any CPU.ActiveCfg = Ad-Hoc|iPhone
		{3489F3E2-877D-42CE-B69C-85D57EFCA2CF}.Ad-Hoc|ARM.ActiveCfg = Ad-Hoc|iPhone
		{3489F3E2-877D-42CE-B69C-85D57EFCA2CF}.Ad-Hoc|iPhone.ActiveCfg = Ad-Hoc|iPhone
		{3489F3E2-877D-42CE-B69C-85D57EFCA2CF}.Ad-Hoc|iPhone.Build.0 = Ad-Hoc|iPhone
		{3489F3E2-877D-42CE-B69C-85D57EFCA2CF}.Ad-Hoc|iPhoneSimulator.ActiveCfg = Ad-Hoc|iPhoneSimulator
		{3489F3E2-877D-42CE-B69C-85D57EFCA2CF}.Ad-Hoc|iPhoneSimulator.Build.0 = Ad-Hoc|iPhoneSimulator
		{3489F3E2-877D-42CE-B69C-85D57EFCA2CF}.Ad-Hoc|x64.ActiveCfg = Ad-Hoc|iPhone
		{3489F3E2-877D-42CE-B69C-85D57EFCA2CF}.Ad-Hoc|x86.ActiveCfg = Ad-Hoc|iPhone
		{3489F3E2-877D-42CE-B69C-85D57EFCA2CF}.AppStore|Any CPU.ActiveCfg = AppStore|iPhone
		{3489F3E2-877D-42CE-B69C-85D57EFCA2CF}.AppStore|ARM.ActiveCfg = AppStore|iPhone
		{3489F3E2-877D-42CE-B69C-85D57EFCA2CF}.AppStore|iPhone.ActiveCfg = AppStore|iPhone
		{3489F3E2-877D-42CE-B69C-85D57EFCA2CF}.AppStore|iPhone.Build.0 = AppStore|iPhone
		{3489F3E2-877D-42CE-B69C-85D57EFCA2CF}.AppStore|iPhoneSimulator.ActiveCfg = AppStore|iPhoneSimulator
		{3489F3E2-877D-42CE-B69C-85D57EFCA2CF}.AppStore|iPhoneSimulator.Build.0 = AppStore|iPhoneSimulator
		{3489F3E2-877D-42CE-B69C-85D57EFCA2CF}.AppStore|x64.ActiveCfg = AppStore|iPhone
		{3489F3E2-877D-42CE-B69C-85D57EFCA2CF}.AppStore|x86.ActiveCfg = AppStore|iPhone
		{3489F3E2-877D-42CE-B69C-85D57EFCA2CF}.Debug|Any CPU.ActiveCfg = Debug|iPhone
		{3489F3E2-877D-42CE-B69C-85D57EFCA2CF}.Debug|ARM.ActiveCfg = Debug|iPhone
		{3489F3E2-877D-42CE-B69C-85D57EFCA2CF}.Debug|iPhone.ActiveCfg = Debug|iPhone
		{3489F3E2-877D-42CE-B69C-85D57EFCA2CF}.Debug|iPhone.Build.0 = Debug|iPhone
		{3489F3E2-877D-42CE-B69C-85D57EFCA2CF}.Debug|iPhoneSimulator.ActiveCfg = Debug|iPhoneSimulator
		{3489F3E2-877D-42CE-B69C-85D57EFCA2CF}.Debug|iPhoneSimulator.Build.0 = Debug|iPhoneSimulator
		{3489F3E2-877D-42CE-B69C-85D57EFCA2CF}.Debug|x64.ActiveCfg = Debug|iPhone
		{3489F3E2-877D-42CE-B69C-85D57EFCA2CF}.Debug|x86.ActiveCfg = Debug|iPhone
		{3489F3E2-877D-42CE-B69C-85D57EFCA2CF}.Release|Any CPU.ActiveCfg = Release|iPhone
		{3489F3E2-877D-42CE-B69C-85D57EFCA2CF}.Release|ARM.ActiveCfg = Release|iPhone
		{3489F3E2-877D-42CE-B69C-85D57EFCA2CF}.Release|iPhone.ActiveCfg = Release|iPhone
		{3489F3E2-877D-42CE-B69C-85D57EFCA2CF}.Release|iPhone.Build.0 = Release|iPhone
		{3489F3E2-877D-42CE-B69C-85D57EFCA2CF}.Release|iPhoneSimulator.ActiveCfg = Release|iPhoneSimulator
		{3489F3E2-877D-42CE-B69C-85D57EFCA2CF}.Release|iPhoneSimulator.Build.0 = Release|iPhoneSimulator
		{3489F3E2-877D-42CE-B69C-85D57EFCA2CF}.Release|x64.ActiveCfg = Release|iPhone
		{3489F3E2-877D-42CE-B69C-85D57EFCA2CF}.Release|x86.ActiveCfg = Release|iPhone
		{5FCBE619-E49D-4D3A-8D6A-D79B719C75C7}.Ad-Hoc|Any CPU.ActiveCfg = Release|x86
		{5FCBE619-E49D-4D3A-8D6A-D79B719C75C7}.Ad-Hoc|Any CPU.Build.0 = Release|x86
		{5FCBE619-E49D-4D3A-8D6A-D79B719C75C7}.Ad-Hoc|Any CPU.Deploy.0 = Release|x86
		{5FCBE619-E49D-4D3A-8D6A-D79B719C75C7}.Ad-Hoc|ARM.ActiveCfg = Release|ARM
		{5FCBE619-E49D-4D3A-8D6A-D79B719C75C7}.Ad-Hoc|ARM.Build.0 = Release|ARM
		{5FCBE619-E49D-4D3A-8D6A-D79B719C75C7}.Ad-Hoc|ARM.Deploy.0 = Release|ARM
		{5FCBE619-E49D-4D3A-8D6A-D79B719C75C7}.Ad-Hoc|iPhone.ActiveCfg = Release|x86
		{5FCBE619-E49D-4D3A-8D6A-D79B719C75C7}.Ad-Hoc|iPhone.Build.0 = Release|x86
		{5FCBE619-E49D-4D3A-8D6A-D79B719C75C7}.Ad-Hoc|iPhone.Deploy.0 = Release|x86
		{5FCBE619-E49D-4D3A-8D6A-D79B719C75C7}.Ad-Hoc|iPhoneSimulator.ActiveCfg = Release|x86
		{5FCBE619-E49D-4D3A-8D6A-D79B719C75C7}.Ad-Hoc|iPhoneSimulator.Build.0 = Release|x86
		{5FCBE619-E49D-4D3A-8D6A-D79B719C75C7}.Ad-Hoc|iPhoneSimulator.Deploy.0 = Release|x86
		{5FCBE619-E49D-4D3A-8D6A-D79B719C75C7}.Ad-Hoc|x64.ActiveCfg = Release|x64
		{5FCBE619-E49D-4D3A-8D6A-D79B719C75C7}.Ad-Hoc|x64.Build.0 = Release|x64
		{5FCBE619-E49D-4D3A-8D6A-D79B719C75C7}.Ad-Hoc|x64.Deploy.0 = Release|x64
		{5FCBE619-E49D-4D3A-8D6A-D79B719C75C7}.Ad-Hoc|x86.ActiveCfg = Release|x86
		{5FCBE619-E49D-4D3A-8D6A-D79B719C75C7}.Ad-Hoc|x86.Build.0 = Release|x86
		{5FCBE619-E49D-4D3A-8D6A-D79B719C75C7}.Ad-Hoc|x86.Deploy.0 = Release|x86
		{5FCBE619-E49D-4D3A-8D6A-D79B719C75C7}.AppStore|Any CPU.ActiveCfg = Release|x86
		{5FCBE619-E49D-4D3A-8D6A-D79B719C75C7}.AppStore|Any CPU.Build.0 = Release|x86
		{5FCBE619-E49D-4D3A-8D6A-D79B719C75C7}.AppStore|Any CPU.Deploy.0 = Release|x86
		{5FCBE619-E49D-4D3A-8D6A-D79B719C75C7}.AppStore|ARM.ActiveCfg = Release|ARM
		{5FCBE619-E49D-4D3A-8D6A-D79B719C75C7}.AppStore|ARM.Build.0 = Release|ARM
		{5FCBE619-E49D-4D3A-8D6A-D79B719C75C7}.AppStore|ARM.Deploy.0 = Release|ARM
		{5FCBE619-E49D-4D3A-8D6A-D79B719C75C7}.AppStore|iPhone.ActiveCfg = Release|x86
		{5FCBE619-E49D-4D3A-8D6A-D79B719C75C7}.AppStore|iPhone.Build.0 = Release|x86
		{5FCBE619-E49D-4D3A-8D6A-D79B719C75C7}.AppStore|iPhone.Deploy.0 = Release|x86
		{5FCBE619-E49D-4D3A-8D6A-D79B719C75C7}.AppStore|iPhoneSimulator.ActiveCfg = Release|x86
		{5FCBE619-E49D-4D3A-8D6A-D79B719C75C7}.AppStore|iPhoneSimulator.Build.0 = Release|x86
		{5FCBE619-E49D-4D3A-8D6A-D79B719C75C7}.AppStore|iPhoneSimulator.Deploy.0 = Release|x86
		{5FCBE619-E49D-4D3A-8D6A-D79B719C75C7}.AppStore|x64.ActiveCfg = Release|x64
		{5FCBE619-E49D-4D3A-8D6A-D79B719C75C7}.AppStore|x64.Build.0 = Release|x64
		{5FCBE619-E49D-4D3A-8D6A-D79B719C75C7}.AppStore|x64.Deploy.0 = Release|x64
		{5FCBE619-E49D-4D3A-8D6A-D79B719C75C7}.AppStore|x86.ActiveCfg = Release|x86
		{5FCBE619-E49D-4D3A-8D6A-D79B719C75C7}.AppStore|x86.Build.0 = Release|x86
		{5FCBE619-E49D-4D3A-8D6A-D79B719C75C7}.AppStore|x86.Deploy.0 = Release|x86
		{5FCBE619-E49D-4D3A-8D6A-D79B719C75C7}.Debug|Any CPU.ActiveCfg = Debug|x86
		{5FCBE619-E49D-4D3A-8D6A-D79B719C75C7}.Debug|ARM.ActiveCfg = Debug|ARM
		{5FCBE619-E49D-4D3A-8D6A-D79B719C75C7}.Debug|ARM.Build.0 = Debug|ARM
		{5FCBE619-E49D-4D3A-8D6A-D79B719C75C7}.Debug|ARM.Deploy.0 = Debug|ARM
		{5FCBE619-E49D-4D3A-8D6A-D79B719C75C7}.Debug|iPhone.ActiveCfg = Debug|x86
		{5FCBE619-E49D-4D3A-8D6A-D79B719C75C7}.Debug|iPhoneSimulator.ActiveCfg = Debug|x86
		{5FCBE619-E49D-4D3A-8D6A-D79B719C75C7}.Debug|x64.ActiveCfg = Debug|x64
		{5FCBE619-E49D-4D3A-8D6A-D79B719C75C7}.Debug|x64.Build.0 = Debug|x64
		{5FCBE619-E49D-4D3A-8D6A-D79B719C75C7}.Debug|x64.Deploy.0 = Debug|x64
		{5FCBE619-E49D-4D3A-8D6A-D79B719C75C7}.Debug|x86.ActiveCfg = Debug|x86
		{5FCBE619-E49D-4D3A-8D6A-D79B719C75C7}.Debug|x86.Build.0 = Debug|x86
		{5FCBE619-E49D-4D3A-8D6A-D79B719C75C7}.Debug|x86.Deploy.0 = Debug|x86
		{5FCBE619-E49D-4D3A-8D6A-D79B719C75C7}.Release|Any CPU.ActiveCfg = Release|x86
		{5FCBE619-E49D-4D3A-8D6A-D79B719C75C7}.Release|ARM.ActiveCfg = Release|ARM
		{5FCBE619-E49D-4D3A-8D6A-D79B719C75C7}.Release|ARM.Build.0 = Release|ARM
		{5FCBE619-E49D-4D3A-8D6A-D79B719C75C7}.Release|ARM.Deploy.0 = Release|ARM
		{5FCBE619-E49D-4D3A-8D6A-D79B719C75C7}.Release|iPhone.ActiveCfg = Release|x86
		{5FCBE619-E49D-4D3A-8D6A-D79B719C75C7}.Release|iPhoneSimulator.ActiveCfg = Release|x86
		{5FCBE619-E49D-4D3A-8D6A-D79B719C75C7}.Release|x64.ActiveCfg = Release|x64
		{5FCBE619-E49D-4D3A-8D6A-D79B719C75C7}.Release|x64.Build.0 = Release|x64
		{5FCBE619-E49D-4D3A-8D6A-D79B719C75C7}.Release|x64.Deploy.0 = Release|x64
		{5FCBE619-E49D-4D3A-8D6A-D79B719C75C7}.Release|x86.ActiveCfg = Release|x86
		{5FCBE619-E49D-4D3A-8D6A-D79B719C75C7}.Release|x86.Build.0 = Release|x86
		{5FCBE619-E49D-4D3A-8D6A-D79B719C75C7}.Release|x86.Deploy.0 = Release|x86
	EndGlobalSection
	GlobalSection(SolutionProperties) = preSolution
		HideSolutionNode = FALSE
	EndGlobalSection
EndGlobal
